
Microsoft Visual Studio Solution File, Format Version 12.00
# Visual Studio Version 17
VisualStudioVersion = 17.0.31903.59
MinimumVisualStudioVersion = 10.0.40219.1
Project("{FAE04EC0-301F-11D3-BF4B-00C04F79EFBC}") = "calculator", "calculator\calculator.csproj", "{90F05EE8-B6B5-464F-A4BA-3B54B4D8A515}"
EndProject
Project("{FAE04EC0-301F-11D3-BF4B-00C04F79EFBC}") = "currency_converter", "currency_converter\currency_converter.csproj", "{E6E5AA4E-4451-482B-870D-7ED577D84AFB}"
EndProject
Global
	GlobalSection(SolutionConfigurationPlatforms) = preSolution
		Debug|Any CPU = Debug|Any CPU
		Release|Any CPU = Release|Any CPU
	EndGlobalSection
	GlobalSection(SolutionProperties) = preSolution
		HideSolutionNode = FALSE
	EndGlobalSection
	GlobalSection(ProjectConfigurationPlatforms) = postSolution
		{90F05EE8-B6B5-464F-A4BA-3B54B4D8A515}.Debug|Any CPU.ActiveCfg = Debug|Any CPU
		{90F05EE8-B6B5-464F-A4BA-3B54B4D8A515}.Debug|Any CPU.Build.0 = Debug|Any CPU
		{90F05EE8-B6B5-464F-A4BA-3B54B4D8A515}.Release|Any CPU.ActiveCfg = Release|Any CPU
		{90F05EE8-B6B5-464F-A4BA-3B54B4D8A515}.Release|Any CPU.Build.0 = Release|Any CPU
		{E6E5AA4E-4451-482B-870D-7ED577D84AFB}.Debug|Any CPU.ActiveCfg = Debug|Any CPU
		{E6E5AA4E-4451-482B-870D-7ED577D84AFB}.Debug|Any CPU.Build.0 = Debug|Any CPU
		{E6E5AA4E-4451-482B-870D-7ED577D84AFB}.Release|Any CPU.ActiveCfg = Release|Any CPU
		{E6E5AA4E-4451-482B-870D-7ED577D84AFB}.Release|Any CPU.Build.0 = Release|Any CPU
	EndGlobalSection
EndGlobal
